
Microsoft Visual Studio Solution File, Format Version 12.00
# Visual Studio Version 17
VisualStudioVersion = 17.0.31903.59
MinimumVisualStudioVersion = 10.0.40219.1
Project("{F2A71F9B-5D33-465A-A702-920D77279786}") = "SilverBrain", "src\SilverBrain.fsproj", "{DC600BD2-2E1D-48B9-B1BC-4443C11B4FB8}"
EndProject
Project("{F2A71F9B-5D33-465A-A702-920D77279786}") = "SilverBrain.Tests", "test\SilverBrain.Tests.fsproj", "{EB8EF217-1108-457A-BC8A-75CACF84121F}"
EndProject
Global
	GlobalSection(SolutionConfigurationPlatforms) = preSolution
		Debug|Any CPU = Debug|Any CPU
		Release|Any CPU = Release|Any CPU
	EndGlobalSection
	GlobalSection(SolutionProperties) = preSolution
		HideSolutionNode = FALSE
	EndGlobalSection
	GlobalSection(ProjectConfigurationPlatforms) = postSolution
		{DC600BD2-2E1D-48B9-B1BC-4443C11B4FB8}.Debug|Any CPU.ActiveCfg = Debug|Any CPU
		{DC600BD2-2E1D-48B9-B1BC-4443C11B4FB8}.Debug|Any CPU.Build.0 = Debug|Any CPU
		{DC600BD2-2E1D-48B9-B1BC-4443C11B4FB8}.Release|Any CPU.ActiveCfg = Release|Any CPU
		{DC600BD2-2E1D-48B9-B1BC-4443C11B4FB8}.Release|Any CPU.Build.0 = Release|Any CPU
		{EB8EF217-1108-457A-BC8A-75CACF84121F}.Debug|Any CPU.ActiveCfg = Debug|Any CPU
		{EB8EF217-1108-457A-BC8A-75CACF84121F}.Debug|Any CPU.Build.0 = Debug|Any CPU
		{EB8EF217-1108-457A-BC8A-75CACF84121F}.Release|Any CPU.ActiveCfg = Release|Any CPU
		{EB8EF217-1108-457A-BC8A-75CACF84121F}.Release|Any CPU.Build.0 = Release|Any CPU
	EndGlobalSection
EndGlobal
